
Microsoft Visual Studio Solution File, Format Version 12.00
# Visual Studio Version 17
VisualStudioVersion = 17.3.32929.385
MinimumVisualStudioVersion = 10.0.40219.1
Project("{FAE04EC0-301F-11D3-BF4B-00C04F79EFBC}") = "Dmail.Presentation", "Dmail.Presentation.csproj", "{0928DCF6-148D-48AF-B73D-254912CCB1F6}"
EndProject
Project("{FAE04EC0-301F-11D3-BF4B-00C04F79EFBC}") = "Dmail.Data", "..\Dmail.Data\Dmail.Data.csproj", "{23127864-BEE8-41B5-B49A-A1D80640E6B5}"
EndProject
Project("{FAE04EC0-301F-11D3-BF4B-00C04F79EFBC}") = "Dmail.Domain", "..\Dmail.Domain\Dmail.Domain.csproj", "{FFAA348F-2F83-48B6-BA64-6B966B97F0DB}"
EndProject
Global
	GlobalSection(SolutionConfigurationPlatforms) = preSolution
		Debug|Any CPU = Debug|Any CPU
		Release|Any CPU = Release|Any CPU
	EndGlobalSection
	GlobalSection(ProjectConfigurationPlatforms) = postSolution
		{0928DCF6-148D-48AF-B73D-254912CCB1F6}.Debug|Any CPU.ActiveCfg = Debug|Any CPU
		{0928DCF6-148D-48AF-B73D-254912CCB1F6}.Debug|Any CPU.Build.0 = Debug|Any CPU
		{0928DCF6-148D-48AF-B73D-254912CCB1F6}.Release|Any CPU.ActiveCfg = Release|Any CPU
		{0928DCF6-148D-48AF-B73D-254912CCB1F6}.Release|Any CPU.Build.0 = Release|Any CPU
		{23127864-BEE8-41B5-B49A-A1D80640E6B5}.Debug|Any CPU.ActiveCfg = Debug|Any CPU
		{23127864-BEE8-41B5-B49A-A1D80640E6B5}.Debug|Any CPU.Build.0 = Debug|Any CPU
		{23127864-BEE8-41B5-B49A-A1D80640E6B5}.Release|Any CPU.ActiveCfg = Release|Any CPU
		{23127864-BEE8-41B5-B49A-A1D80640E6B5}.Release|Any CPU.Build.0 = Release|Any CPU
		{FFAA348F-2F83-48B6-BA64-6B966B97F0DB}.Debug|Any CPU.ActiveCfg = Debug|Any CPU
		{FFAA348F-2F83-48B6-BA64-6B966B97F0DB}.Debug|Any CPU.Build.0 = Debug|Any CPU
		{FFAA348F-2F83-48B6-BA64-6B966B97F0DB}.Release|Any CPU.ActiveCfg = Release|Any CPU
		{FFAA348F-2F83-48B6-BA64-6B966B97F0DB}.Release|Any CPU.Build.0 = Release|Any CPU
	EndGlobalSection
	GlobalSection(SolutionProperties) = preSolution
		HideSolutionNode = FALSE
	EndGlobalSection
	GlobalSection(ExtensibilityGlobals) = postSolution
		SolutionGuid = {0D93F7F4-2AF3-4AF4-B065-AD59A4461C32}
	EndGlobalSection
EndGlobal
